
Microsoft Visual Studio Solution File, Format Version 12.00
# Visual Studio Version 16
VisualStudioVersion = 16.0.31729.503
MinimumVisualStudioVersion = 10.0.40219.1
Project("{FAE04EC0-301F-11D3-BF4B-00C04F79EFBC}") = "InsertCSVDataIntoDB", "InsertCSVDataIntoDB\InsertCSVDataIntoDB.csproj", "{BEDBB704-743A-483D-81B8-E02AABD2E876}"
EndProject
Global
	GlobalSection(SolutionConfigurationPlatforms) = preSolution
		Debug|Any CPU = Debug|Any CPU
		Release|Any CPU = Release|Any CPU
	EndGlobalSection
	GlobalSection(ProjectConfigurationPlatforms) = postSolution
		{BEDBB704-743A-483D-81B8-E02AABD2E876}.Debug|Any CPU.ActiveCfg = Debug|Any CPU
		{BEDBB704-743A-483D-81B8-E02AABD2E876}.Debug|Any CPU.Build.0 = Debug|Any CPU
		{BEDBB704-743A-483D-81B8-E02AABD2E876}.Release|Any CPU.ActiveCfg = Release|Any CPU
		{BEDBB704-743A-483D-81B8-E02AABD2E876}.Release|Any CPU.Build.0 = Release|Any CPU
	EndGlobalSection
	GlobalSection(SolutionProperties) = preSolution
		HideSolutionNode = FALSE
	EndGlobalSection
	GlobalSection(ExtensibilityGlobals) = postSolution
		SolutionGuid = {DB6F9220-AA99-4DD1-BEC2-4212448F2E3E}
	EndGlobalSection
EndGlobal
